// !$*UTF8*$!
{
	archiveVersion = 1;
	classes = {
	};
	objectVersion = 50;
	objects = {

/* Begin PBXBuildFile section */
		92738550235712CB00AF9F70 /* AppDelegate.swift in Sources */ = {isa = PBXBuildFile; fileRef = 9273854F235712CB00AF9F70 /* AppDelegate.swift */; };
		92738552235712CB00AF9F70 /* SceneDelegate.swift in Sources */ = {isa = PBXBuildFile; fileRef = 92738551235712CB00AF9F70 /* SceneDelegate.swift */; };
		92738554235712CB00AF9F70 /* ViewController.swift in Sources */ = {isa = PBXBuildFile; fileRef = 92738553235712CB00AF9F70 /* ViewController.swift */; };
		92738557235712CB00AF9F70 /* Main.storyboard in Resources */ = {isa = PBXBuildFile; fileRef = 92738555235712CB00AF9F70 /* Main.storyboard */; };
		92738559235712CC00AF9F70 /* Assets.xcassets in Resources */ = {isa = PBXBuildFile; fileRef = 92738558235712CC00AF9F70 /* Assets.xcassets */; };
		9273855C235712CC00AF9F70 /* LaunchScreen.storyboard in Resources */ = {isa = PBXBuildFile; fileRef = 9273855A235712CC00AF9F70 /* LaunchScreen.storyboard */; };
		92738567235712CC00AF9F70 /* MovieStreamingTests.swift in Sources */ = {isa = PBXBuildFile; fileRef = 92738566235712CC00AF9F70 /* MovieStreamingTests.swift */; };
/* End PBXBuildFile section */

/* Begin PBXContainerItemProxy section */
		92738563235712CC00AF9F70 /* PBXContainerItemProxy */ = {
			isa = PBXContainerItemProxy;
			containerPortal = 92738544235712CB00AF9F70 /* Project object */;
			proxyType = 1;
			remoteGlobalIDString = 9273854B235712CB00AF9F70;
			remoteInfo = MovieStreaming;
		};
/* End PBXContainerItemProxy section */

/* Begin PBXFileReference section */
		9273854C235712CB00AF9F70 /* MovieStreaming.app */ = {isa = PBXFileReference; explicitFileType = wrapper.application; includeInIndex = 0; path = MovieStreaming.app; sourceTree = BUILT_PRODUCTS_DIR; };
		9273854F235712CB00AF9F70 /* AppDelegate.swift */ = {isa = PBXFileReference; lastKnownFileType = sourcecode.swift; path = AppDelegate.swift; sourceTree = "<group>"; };
		92738551235712CB00AF9F70 /* SceneDelegate.swift */ = {isa = PBXFileReference; lastKnownFileType = sourcecode.swift; path = SceneDelegate.swift; sourceTree = "<group>"; };
		92738553235712CB00AF9F70 /* ViewController.swift */ = {isa = PBXFileReference; lastKnownFileType = sourcecode.swift; path = ViewController.swift; sourceTree = "<group>"; };
		92738556235712CB00AF9F70 /* Base */ = {isa = PBXFileReference; lastKnownFileType = file.storyboard; name = Base; path = Base.lproj/Main.storyboard; sourceTree = "<group>"; };
		92738558235712CC00AF9F70 /* Assets.xcassets */ = {isa = PBXFileReference; lastKnownFileType = folder.assetcatalog; path = Assets.xcassets; sourceTree = "<group>"; };
		9273855B235712CC00AF9F70 /* Base */ = {isa = PBXFileReference; lastKnownFileType = file.storyboard; name = Base; path = Base.lproj/LaunchScreen.storyboard; sourceTree = "<group>"; };
		9273855D235712CC00AF9F70 /* Info.plist */ = {isa = PBXFileReference; lastKnownFileType = text.plist.xml; path = Info.plist; sourceTree = "<group>"; };
		92738562235712CC00AF9F70 /* MovieStreamingTests.xctest */ = {isa = PBXFileReference; explicitFileType = wrapper.cfbundle; includeInIndex = 0; path = MovieStreamingTests.xctest; sourceTree = BUILT_PRODUCTS_DIR; };
		92738566235712CC00AF9F70 /* MovieStreamingTests.swift */ = {isa = PBXFileReference; lastKnownFileType = sourcecode.swift; path = MovieStreamingTests.swift; sourceTree = "<group>"; };
		92738568235712CC00AF9F70 /* Info.plist */ = {isa = PBXFileReference; lastKnownFileType = text.plist.xml; path = Info.plist; sourceTree = "<group>"; };
/* End PBXFileReference section */

/* Begin PBXFrameworksBuildPhase section */
		92738549235712CB00AF9F70 /* Frameworks */ = {
			isa = PBXFrameworksBuildPhase;
			buildActionMask = 2147483647;
			files = (
			);
			runOnlyForDeploymentPostprocessing = 0;
		};
		9273855F235712CC00AF9F70 /* Frameworks */ = {
			isa = PBXFrameworksBuildPhase;
			buildActionMask = 2147483647;
			files = (
			);
			runOnlyForDeploymentPostprocessing = 0;
		};
/* End PBXFrameworksBuildPhase section */

/* Begin PBXGroup section */
		92738543235712CB00AF9F70 = {
			isa = PBXGroup;
			children = (
				9273854E235712CB00AF9F70 /* MovieStreaming */,
				92738565235712CC00AF9F70 /* MovieStreamingTests */,
				9273854D235712CB00AF9F70 /* Products */,
			);
			sourceTree = "<group>";
		};
		9273854D235712CB00AF9F70 /* Products */ = {
			isa = PBXGroup;
			children = (
				9273854C235712CB00AF9F70 /* MovieStreaming.app */,
				92738562235712CC00AF9F70 /* MovieStreamingTests.xctest */,
			);
			name = Products;
			sourceTree = "<group>";
		};
		9273854E235712CB00AF9F70 /* MovieStreaming */ = {
			isa = PBXGroup;
			children = (
				9273854F235712CB00AF9F70 /* AppDelegate.swift */,
				92738551235712CB00AF9F70 /* SceneDelegate.swift */,
				92738553235712CB00AF9F70 /* ViewController.swift */,
				92738555235712CB00AF9F70 /* Main.storyboard */,
				92738558235712CC00AF9F70 /* Assets.xcassets */,
				9273855A235712CC00AF9F70 /* LaunchScreen.storyboard */,
				9273855D235712CC00AF9F70 /* Info.plist */,
			);
			path = MovieStreaming;
			sourceTree = "<group>";
		};
		92738565235712CC00AF9F70 /* MovieStreamingTests */ = {
			isa = PBXGroup;
			children = (
				92738566235712CC00AF9F70 /* MovieStreamingTests.swift */,
				92738568235712CC00AF9F70 /* Info.plist */,
			);
			path = MovieStreamingTests;
			sourceTree = "<group>";
		};
/* End PBXGroup section */

/* Begin PBXNativeTarget section */
		9273854B235712CB00AF9F70 /* MovieStreaming */ = {
			isa = PBXNativeTarget;
			buildConfigurationList = 9273856B235712CC00AF9F70 /* Build configuration list for PBXNativeTarget "MovieStreaming" */;
			buildPhases = (
				92738548235712CB00AF9F70 /* Sources */,
				92738549235712CB00AF9F70 /* Frameworks */,
				9273854A235712CB00AF9F70 /* Resources */,
			);
			buildRules = (
			);
			dependencies = (
			);
			name = MovieStreaming;
			productName = MovieStreaming;
			productReference = 9273854C235712CB00AF9F70 /* MovieStreaming.app */;
			productType = "com.apple.product-type.application";
		};
		92738561235712CC00AF9F70 /* MovieStreamingTests */ = {
			isa = PBXNativeTarget;
			buildConfigurationList = 9273856E235712CC00AF9F70 /* Build configuration list for PBXNativeTarget "MovieStreamingTests" */;
			buildPhases = (
				9273855E235712CC00AF9F70 /* Sources */,
				9273855F235712CC00AF9F70 /* Frameworks */,
				92738560235712CC00AF9F70 /* Resources */,
			);
			buildRules = (
			);
			dependencies = (
				92738564235712CC00AF9F70 /* PBXTargetDependency */,
			);
			name = MovieStreamingTests;
			productName = MovieStreamingTests;
			productReference = 92738562235712CC00AF9F70 /* MovieStreamingTests.xctest */;
			productType = "com.apple.product-type.bundle.unit-test";
		};
/* End PBXNativeTarget section */

/* Begin PBXProject section */
		92738544235712CB00AF9F70 /* Project object */ = {
			isa = PBXProject;
			attributes = {
				LastSwiftUpdateCheck = 1100;
				LastUpgradeCheck = 1100;
				ORGANIZATIONNAME = arifinfrds;
				TargetAttributes = {
					9273854B235712CB00AF9F70 = {
						CreatedOnToolsVersion = 11.0;
					};
					92738561235712CC00AF9F70 = {
						CreatedOnToolsVersion = 11.0;
						TestTargetID = 9273854B235712CB00AF9F70;
					};
				};
			};
			buildConfigurationList = 92738547235712CB00AF9F70 /* Build configuration list for PBXProject "MovieStreaming" */;
			compatibilityVersion = "Xcode 9.3";
			developmentRegion = en;
			hasScannedForEncodings = 0;
			knownRegions = (
				en,
				Base,
			);
			mainGroup = 92738543235712CB00AF9F70;
			productRefGroup = 9273854D235712CB00AF9F70 /* Products */;
			projectDirPath = "";
			projectRoot = "";
			targets = (
				9273854B235712CB00AF9F70 /* MovieStreaming */,
				92738561235712CC00AF9F70 /* MovieStreamingTests */,
			);
		};
/* End PBXProject section */

/* Begin PBXResourcesBuildPhase section */
		9273854A235712CB00AF9F70 /* Resources */ = {
			isa = PBXResourcesBuildPhase;
			buildActionMask = 2147483647;
			files = (
				9273855C235712CC00AF9F70 /* LaunchScreen.storyboard in Resources */,
				92738559235712CC00AF9F70 /* Assets.xcassets in Resources */,
				92738557235712CB00AF9F70 /* Main.storyboard in Resources */,
			);
			runOnlyForDeploymentPostprocessing = 0;
		};
		92738560235712CC00AF9F70 /* Resources */ = {
			isa = PBXResourcesBuildPhase;
			buildActionMask = 2147483647;
			files = (
			);
			runOnlyForDeploymentPostprocessing = 0;
		};
/* End PBXResourcesBuildPhase section */

/* Begin PBXSourcesBuildPhase section */
		92738548235712CB00AF9F70 /* Sources */ = {
			isa = PBXSourcesBuildPhase;
			buildActionMask = 2147483647;
			files = (
				92738554235712CB00AF9F70 /* ViewController.swift in Sources */,
				92738550235712CB00AF9F70 /* AppDelegate.swift in Sources */,
				92738552235712CB00AF9F70 /* SceneDelegate.swift in Sources */,
			);
			runOnlyForDeploymentPostprocessing = 0;
		};
		9273855E235712CC00AF9F70 /* Sources */ = {
			isa = PBXSourcesBuildPhase;
			buildActionMask = 2147483647;
			files = (
				92738567235712CC00AF9F70 /* MovieStreamingTests.swift in Sources */,
			);
			runOnlyForDeploymentPostprocessing = 0;
		};
/* End PBXSourcesBuildPhase section */

/* Begin PBXTargetDependency section */
		92738564235712CC00AF9F70 /* PBXTargetDependency */ = {
			isa = PBXTargetDependency;
			target = 9273854B235712CB00AF9F70 /* MovieStreaming */;
			targetProxy = 92738563235712CC00AF9F70 /* PBXContainerItemProxy */;
		};
/* End PBXTargetDependency section */

/* Begin PBXVariantGroup section */
		92738555235712CB00AF9F70 /* Main.storyboard */ = {
			isa = PBXVariantGroup;
			children = (
				92738556235712CB00AF9F70 /* Base */,
			);
			name = Main.storyboard;
			sourceTree = "<group>";
		};
		9273855A235712CC00AF9F70 /* LaunchScreen.storyboard */ = {
			isa = PBXVariantGroup;
			children = (
				9273855B235712CC00AF9F70 /* Base */,
			);
			name = LaunchScreen.storyboard;
			sourceTree = "<group>";
		};
/* End PBXVariantGroup section */

/* Begin XCBuildConfiguration section */
		92738569235712CC00AF9F70 /* Debug */ = {
			isa = XCBuildConfiguration;
			buildSettings = {
				ALWAYS_SEARCH_USER_PATHS = NO;
				CLANG_ANALYZER_NONNULL = YES;
				CLANG_ANALYZER_NUMBER_OBJECT_CONVERSION = YES_AGGRESSIVE;
				CLANG_CXX_LANGUAGE_STANDARD = "gnu++14";
				CLANG_CXX_LIBRARY = "libc++";
				CLANG_ENABLE_MODULES = YES;
				CLANG_ENABLE_OBJC_ARC = YES;
				CLANG_ENABLE_OBJC_WEAK = YES;
				CLANG_WARN_BLOCK_CAPTURE_AUTORELEASING = YES;
				CLANG_WARN_BOOL_CONVERSION = YES;
				CLANG_WARN_COMMA = YES;
				CLANG_WARN_CONSTANT_CONVERSION = YES;
				CLANG_WARN_DEPRECATED_OBJC_IMPLEMENTATIONS = YES;
				CLANG_WARN_DIRECT_OBJC_ISA_USAGE = YES_ERROR;
				CLANG_WARN_DOCUMENTATION_COMMENTS = YES;
				CLANG_WARN_EMPTY_BODY = YES;
				CLANG_WARN_ENUM_CONVERSION = YES;
				CLANG_WARN_INFINITE_RECURSION = YES;
				CLANG_WARN_INT_CONVERSION = YES;
				CLANG_WARN_NON_LITERAL_NULL_CONVERSION = YES;
				CLANG_WARN_OBJC_IMPLICIT_RETAIN_SELF = YES;
				CLANG_WARN_OBJC_LITERAL_CONVERSION = YES;
				CLANG_WARN_OBJC_ROOT_CLASS = YES_ERROR;
				CLANG_WARN_RANGE_LOOP_ANALYSIS = YES;
				CLANG_WARN_STRICT_PROTOTYPES = YES;
				CLANG_WARN_SUSPICIOUS_MOVE = YES;
				CLANG_WARN_UNGUARDED_AVAILABILITY = YES_AGGRESSIVE;
				CLANG_WARN_UNREACHABLE_CODE = YES;
				CLANG_WARN__DUPLICATE_METHOD_MATCH = YES;
				COPY_PHASE_STRIP = NO;
				DEBUG_INFORMATION_FORMAT = dwarf;
				ENABLE_STRICT_OBJC_MSGSEND = YES;
				ENABLE_TESTABILITY = YES;
				GCC_C_LANGUAGE_STANDARD = gnu11;
				GCC_DYNAMIC_NO_PIC = NO;
				GCC_NO_COMMON_BLOCKS = YES;
				GCC_OPTIMIZATION_LEVEL = 0;
				GCC_PREPROCESSOR_DEFINITIONS = (
					"DEBUG=1",
					"$(inherited)",
				);
				GCC_WARN_64_TO_32_BIT_CONVERSION = YES;
				GCC_WARN_ABOUT_RETURN_TYPE = YES_ERROR;
				GCC_WARN_UNDECLARED_SELECTOR = YES;
				GCC_WARN_UNINITIALIZED_AUTOS = YES_AGGRESSIVE;
				GCC_WARN_UNUSED_FUNCTION = YES;
				GCC_WARN_UNUSED_VARIABLE = YES;
				IPHONEOS_DEPLOYMENT_TARGET = 13.0;
				MTL_ENABLE_DEBUG_INFO = INCLUDE_SOURCE;
				MTL_FAST_MATH = YES;
				ONLY_ACTIVE_ARCH = YES;
				SDKROOT = iphoneos;
				SWIFT_ACTIVE_COMPILATION_CONDITIONS = DEBUG;
				SWIFT_OPTIMIZATION_LEVEL = "-Onone";
			};
			name = Debug;
		};
		9273856A235712CC00AF9F70 /* Release */ = {
			isa = XCBuildConfiguration;
			buildSettings = {
				ALWAYS_SEARCH_USER_PATHS = NO;
				CLANG_ANALYZER_NONNULL = YES;
				CLANG_ANALYZER_NUMBER_OBJECT_CONVERSION = YES_AGGRESSIVE;
				CLANG_CXX_LANGUAGE_STANDARD = "gnu++14";
				CLANG_CXX_LIBRARY = "libc++";
				CLANG_ENABLE_MODULES = YES;
				CLANG_ENABLE_OBJC_ARC = YES;
				CLANG_ENABLE_OBJC_WEAK = YES;
				CLANG_WARN_BLOCK_CAPTURE_AUTORELEASING = YES;
				CLANG_WARN_BOOL_CONVERSION = YES;
				CLANG_WARN_COMMA = YES;
				CLANG_WARN_CONSTANT_CONVERSION = YES;
				CLANG_WARN_DEPRECATED_OBJC_IMPLEMENTATIONS = YES;
				CLANG_WARN_DIRECT_OBJC_ISA_USAGE = YES_ERROR;
				CLANG_WARN_DOCUMENTATION_COMMENTS = YES;
				CLANG_WARN_EMPTY_BODY = YES;
				CLANG_WARN_ENUM_CONVERSION = YES;
				CLANG_WARN_INFINITE_RECURSION = YES;
				CLANG_WARN_INT_CONVERSION = YES;
				CLANG_WARN_NON_LITERAL_NULL_CONVERSION = YES;
				CLANG_WARN_OBJC_IMPLICIT_RETAIN_SELF = YES;
				CLANG_WARN_OBJC_LITERAL_CONVERSION = YES;
				CLANG_WARN_OBJC_ROOT_CLASS = YES_ERROR;
				CLANG_WARN_RANGE_LOOP_ANALYSIS = YES;
				CLANG_WARN_STRICT_PROTOTYPES = YES;
				CLANG_WARN_SUSPICIOUS_MOVE = YES;
				CLANG_WARN_UNGUARDED_AVAILABILITY = YES_AGGRESSIVE;
				CLANG_WARN_UNREACHABLE_CODE = YES;
				CLANG_WARN__DUPLICATE_METHOD_MATCH = YES;
				COPY_PHASE_STRIP = NO;
				DEBUG_INFORMATION_FORMAT = "dwarf-with-dsym";
				ENABLE_NS_ASSERTIONS = NO;
				ENABLE_STRICT_OBJC_MSGSEND = YES;
				GCC_C_LANGUAGE_STANDARD = gnu11;
				GCC_NO_COMMON_BLOCKS = YES;
				GCC_WARN_64_TO_32_BIT_CONVERSION = YES;
				GCC_WARN_ABOUT_RETURN_TYPE = YES_ERROR;
				GCC_WARN_UNDECLARED_SELECTOR = YES;
				GCC_WARN_UNINITIALIZED_AUTOS = YES_AGGRESSIVE;
				GCC_WARN_UNUSED_FUNCTION = YES;
				GCC_WARN_UNUSED_VARIABLE = YES;
				IPHONEOS_DEPLOYMENT_TARGET = 13.0;
				MTL_ENABLE_DEBUG_INFO = NO;
				MTL_FAST_MATH = YES;
				SDKROOT = iphoneos;
				SWIFT_COMPILATION_MODE = wholemodule;
				SWIFT_OPTIMIZATION_LEVEL = "-O";
				VALIDATE_PRODUCT = YES;
			};
			name = Release;
		};
		9273856C235712CC00AF9F70 /* Debug */ = {
			isa = XCBuildConfiguration;
			buildSettings = {
				ASSETCATALOG_COMPILER_APPICON_NAME = AppIcon;
				CODE_SIGN_STYLE = Automatic;
				DEVELOPMENT_TEAM = V6T249GHKX;
				INFOPLIST_FILE = MovieStreaming/Info.plist;
				LD_RUNPATH_SEARCH_PATHS = (
					"$(inherited)",
					"@executable_path/Frameworks",
				);
				PRODUCT_BUNDLE_IDENTIFIER = io.github.arifnfrds.MovieStreaming;
				PRODUCT_NAME = "$(TARGET_NAME)";
				SWIFT_VERSION = 5.0;
				TARGETED_DEVICE_FAMILY = "1,2";
			};
			name = Debug;
		};
		9273856D235712CC00AF9F70 /* Release */ = {
			isa = XCBuildConfiguration;
			buildSettings = {
				ASSETCATALOG_COMPILER_APPICON_NAME = AppIcon;
				CODE_SIGN_STYLE = Automatic;
				DEVELOPMENT_TEAM = V6T249GHKX;
				INFOPLIST_FILE = MovieStreaming/Info.plist;
				LD_RUNPATH_SEARCH_PATHS = (
					"$(inherited)",
					"@executable_path/Frameworks",
				);
				PRODUCT_BUNDLE_IDENTIFIER = io.github.arifnfrds.MovieStreaming;
				PRODUCT_NAME = "$(TARGET_NAME)";
				SWIFT_VERSION = 5.0;
				TARGETED_DEVICE_FAMILY = "1,2";
			};
			name = Release;
		};
		9273856F235712CC00AF9F70 /* Debug */ = {
			isa = XCBuildConfiguration;
			buildSettings = {
				ALWAYS_EMBED_SWIFT_STANDARD_LIBRARIES = YES;
				BUNDLE_LOADER = "$(TEST_HOST)";
				CODE_SIGN_STYLE = Automatic;
				DEVELOPMENT_TEAM = V6T249GHKX;
				INFOPLIST_FILE = MovieStreamingTests/Info.plist;
				IPHONEOS_DEPLOYMENT_TARGET = 13.0;
				LD_RUNPATH_SEARCH_PATHS = (
					"$(inherited)",
					"@executable_path/Frameworks",
					"@loader_path/Frameworks",
				);
				PRODUCT_BUNDLE_IDENTIFIER = io.github.arifnfrds.MovieStreamingTests;
				PRODUCT_NAME = "$(TARGET_NAME)";
				SWIFT_VERSION = 5.0;
				TARGETED_DEVICE_FAMILY = "1,2";
				TEST_HOST = "$(BUILT_PRODUCTS_DIR)/MovieStreaming.app/MovieStreaming";
			};
			name = Debug;
		};
		92738570235712CC00AF9F70 /* Release */ = {
			isa = XCBuildConfiguration;
			buildSettings = {
				ALWAYS_EMBED_SWIFT_STANDARD_LIBRARIES = YES;
				BUNDLE_LOADER = "$(TEST_HOST)";
				CODE_SIGN_STYLE = Automatic;
				DEVELOPMENT_TEAM = V6T249GHKX;
				INFOPLIST_FILE = MovieStreamingTests/Info.plist;
				IPHONEOS_DEPLOYMENT_TARGET = 13.0;
				LD_RUNPATH_SEARCH_PATHS = (
					"$(inherited)",
					"@executable_path/Frameworks",
					"@loader_path/Frameworks",
				);
				PRODUCT_BUNDLE_IDENTIFIER = io.github.arifnfrds.MovieStreamingTests;
				PRODUCT_NAME = "$(TARGET_NAME)";
				SWIFT_VERSION = 5.0;
				TARGETED_DEVICE_FAMILY = "1,2";
				TEST_HOST = "$(BUILT_PRODUCTS_DIR)/MovieStreaming.app/MovieStreaming";
			};
			name = Release;
		};
/* End XCBuildConfiguration section */

/* Begin XCConfigurationList section */
		92738547235712CB00AF9F70 /* Build configuration list for PBXProject "MovieStreaming" */ = {
			isa = XCConfigurationList;
			buildConfigurations = (
				92738569235712CC00AF9F70 /* Debug */,
				9273856A235712CC00AF9F70 /* Release */,
			);
			defaultConfigurationIsVisible = 0;
			defaultConfigurationName = Release;
		};
		9273856B235712CC00AF9F70 /* Build configuration list for PBXNativeTarget "MovieStreaming" */ = {
			isa = XCConfigurationList;
			buildConfigurations = (
				9273856C235712CC00AF9F70 /* Debug */,
				9273856D235712CC00AF9F70 /* Release */,
			);
			defaultConfigurationIsVisible = 0;
			defaultConfigurationName = Release;
		};
		9273856E235712CC00AF9F70 /* Build configuration list for PBXNativeTarget "MovieStreamingTests" */ = {
			isa = XCConfigurationList;
			buildConfigurations = (
				9273856F235712CC00AF9F70 /* Debug */,
				92738570235712CC00AF9F70 /* Release */,
			);
			defaultConfigurationIsVisible = 0;
			defaultConfigurationName = Release;
		};
/* End XCConfigurationList section */
	};
	rootObject = 92738544235712CB00AF9F70 /* Project object */;
}
